
Microsoft Visual Studio Solution File, Format Version 12.00
# Visual Studio Version 17
VisualStudioVersion = 17.4.33213.308
MinimumVisualStudioVersion = 10.0.40219.1
Project("{FAE04EC0-301F-11D3-BF4B-00C04F79EFBC}") = "gestion_conexion_base_de_datos", "gestion_conexion_base_de_datos\gestion_conexion_base_de_datos.csproj", "{753FA161-36BD-4881-B125-4D55499A7FB1}"
EndProject
Global
	GlobalSection(SolutionConfigurationPlatforms) = preSolution
		Debug|Any CPU = Debug|Any CPU
		Release|Any CPU = Release|Any CPU
	EndGlobalSection
	GlobalSection(ProjectConfigurationPlatforms) = postSolution
		{753FA161-36BD-4881-B125-4D55499A7FB1}.Debug|Any CPU.ActiveCfg = Debug|Any CPU
		{753FA161-36BD-4881-B125-4D55499A7FB1}.Debug|Any CPU.Build.0 = Debug|Any CPU
		{753FA161-36BD-4881-B125-4D55499A7FB1}.Release|Any CPU.ActiveCfg = Release|Any CPU
		{753FA161-36BD-4881-B125-4D55499A7FB1}.Release|Any CPU.Build.0 = Release|Any CPU
	EndGlobalSection
	GlobalSection(SolutionProperties) = preSolution
		HideSolutionNode = FALSE
	EndGlobalSection
	GlobalSection(ExtensibilityGlobals) = postSolution
		SolutionGuid = {87D8A3AF-1068-45AF-BE7A-8A3FB314E52A}
	EndGlobalSection
EndGlobal
